
Microsoft Visual Studio Solution File, Format Version 12.00
# Visual Studio Version 17
VisualStudioVersion = 17.14.36414.22 d17.14
MinimumVisualStudioVersion = 10.0.40219.1
Project("{FAE04EC0-301F-11D3-BF4B-00C04F79EFBC}") = "IndWalksAPI", "IndWalksAPI\IndWalksAPI.csproj", "{1C5C52D7-1CED-4753-AA15-AEF358FA8C9B}"
EndProject
Global
	GlobalSection(SolutionConfigurationPlatforms) = preSolution
		Debug|Any CPU = Debug|Any CPU
		Release|Any CPU = Release|Any CPU
	EndGlobalSection
	GlobalSection(ProjectConfigurationPlatforms) = postSolution
		{1C5C52D7-1CED-4753-AA15-AEF358FA8C9B}.Debug|Any CPU.ActiveCfg = Debug|Any CPU
		{1C5C52D7-1CED-4753-AA15-AEF358FA8C9B}.Debug|Any CPU.Build.0 = Debug|Any CPU
		{1C5C52D7-1CED-4753-AA15-AEF358FA8C9B}.Release|Any CPU.ActiveCfg = Release|Any CPU
		{1C5C52D7-1CED-4753-AA15-AEF358FA8C9B}.Release|Any CPU.Build.0 = Release|Any CPU
	EndGlobalSection
	GlobalSection(SolutionProperties) = preSolution
		HideSolutionNode = FALSE
	EndGlobalSection
	GlobalSection(ExtensibilityGlobals) = postSolution
		SolutionGuid = {1CF6A43F-7F60-4213-B176-0E869E85B37F}
	EndGlobalSection
EndGlobal
